// !$*UTF8*$!
{
	archiveVersion = 1;
	classes = {
	};
	objectVersion = 46;
	objects = {

/* Begin PBXBuildFile section */
		01D5F0031D6E41C50016593D /* AppDelegate.swift in Sources */ = {isa = PBXBuildFile; fileRef = 01D5F0021D6E41C50016593D /* AppDelegate.swift */; };
		01D5F0051D6E41C50016593D /* ViewController.swift in Sources */ = {isa = PBXBuildFile; fileRef = 01D5F0041D6E41C50016593D /* ViewController.swift */; };
		01D5F0081D6E41C50016593D /* Main.storyboard in Resources */ = {isa = PBXBuildFile; fileRef = 01D5F0061D6E41C50016593D /* Main.storyboard */; };
		01D5F00A1D6E41C50016593D /* Assets.xcassets in Resources */ = {isa = PBXBuildFile; fileRef = 01D5F0091D6E41C50016593D /* Assets.xcassets */; };
		01D5F00D1D6E41C50016593D /* LaunchScreen.storyboard in Resources */ = {isa = PBXBuildFile; fileRef = 01D5F00B1D6E41C50016593D /* LaunchScreen.storyboard */; };
/* End PBXBuildFile section */

/* Begin PBXFileReference section */
		01D5EFFF1D6E41C50016593D /* MyTube.app */ = {isa = PBXFileReference; explicitFileType = wrapper.application; includeInIndex = 0; path = MyTube.app; sourceTree = BUILT_PRODUCTS_DIR; };
		01D5F0021D6E41C50016593D /* AppDelegate.swift */ = {isa = PBXFileReference; lastKnownFileType = sourcecode.swift; path = AppDelegate.swift; sourceTree = "<group>"; };
		01D5F0041D6E41C50016593D /* ViewController.swift */ = {isa = PBXFileReference; lastKnownFileType = sourcecode.swift; path = ViewController.swift; sourceTree = "<group>"; };
		01D5F0071D6E41C50016593D /* Base */ = {isa = PBXFileReference; lastKnownFileType = file.storyboard; name = Base; path = Base.lproj/Main.storyboard; sourceTree = "<group>"; };
		01D5F0091D6E41C50016593D /* Assets.xcassets */ = {isa = PBXFileReference; lastKnownFileType = folder.assetcatalog; path = Assets.xcassets; sourceTree = "<group>"; };
		01D5F00C1D6E41C50016593D /* Base */ = {isa = PBXFileReference; lastKnownFileType = file.storyboard; name = Base; path = Base.lproj/LaunchScreen.storyboard; sourceTree = "<group>"; };
		01D5F00E1D6E41C50016593D /* Info.plist */ = {isa = PBXFileReference; lastKnownFileType = text.plist.xml; path = Info.plist; sourceTree = "<group>"; };
/* End PBXFileReference section */

/* Begin PBXFrameworksBuildPhase section */
		01D5EFFC1D6E41C50016593D /* Frameworks */ = {
			isa = PBXFrameworksBuildPhase;
			buildActionMask = 2147483647;
			files = (
			);
			runOnlyForDeploymentPostprocessing = 0;
		};
/* End PBXFrameworksBuildPhase section */

/* Begin PBXGroup section */
		01D5EFF61D6E41C50016593D = {
			isa = PBXGroup;
			children = (
				01D5F0011D6E41C50016593D /* MyTube */,
				01D5F0001D6E41C50016593D /* Products */,
			);
			sourceTree = "<group>";
		};
		01D5F0001D6E41C50016593D /* Products */ = {
			isa = PBXGroup;
			children = (
				01D5EFFF1D6E41C50016593D /* MyTube.app */,
			);
			name = Products;
			sourceTree = "<group>";
		};
		01D5F0011D6E41C50016593D /* MyTube */ = {
			isa = PBXGroup;
			children = (
				01D5F0021D6E41C50016593D /* AppDelegate.swift */,
				01D5F0041D6E41C50016593D /* ViewController.swift */,
				01D5F0061D6E41C50016593D /* Main.storyboard */,
				01D5F0091D6E41C50016593D /* Assets.xcassets */,
				01D5F00B1D6E41C50016593D /* LaunchScreen.storyboard */,
				01D5F00E1D6E41C50016593D /* Info.plist */,
			);
			path = MyTube;
			sourceTree = "<group>";
		};
/* End PBXGroup section */

/* Begin PBXNativeTarget section */
		01D5EFFE1D6E41C50016593D /* MyTube */ = {
			isa = PBXNativeTarget;
			buildConfigurationList = 01D5F0111D6E41C50016593D /* Build configuration list for PBXNativeTarget "MyTube" */;
			buildPhases = (
				01D5EFFB1D6E41C50016593D /* Sources */,
				01D5EFFC1D6E41C50016593D /* Frameworks */,
				01D5EFFD1D6E41C50016593D /* Resources */,
			);
			buildRules = (
			);
			dependencies = (
			);
			name = MyTube;
			productName = MyTube;
			productReference = 01D5EFFF1D6E41C50016593D /* MyTube.app */;
			productType = "com.apple.product-type.application";
		};
/* End PBXNativeTarget section */

/* Begin PBXProject section */
		01D5EFF71D6E41C50016593D /* Project object */ = {
			isa = PBXProject;
			attributes = {
				LastSwiftUpdateCheck = 0730;
				LastUpgradeCheck = 0730;
				ORGANIZATIONNAME = "Kris Penney";
				TargetAttributes = {
					01D5EFFE1D6E41C50016593D = {
						CreatedOnToolsVersion = 7.3.1;
						DevelopmentTeam = J76Z9QD47W;
					};
				};
			};
			buildConfigurationList = 01D5EFFA1D6E41C50016593D /* Build configuration list for PBXProject "MyTube" */;
			compatibilityVersion = "Xcode 3.2";
			developmentRegion = English;
			hasScannedForEncodings = 0;
			knownRegions = (
				en,
				Base,
			);
			mainGroup = 01D5EFF61D6E41C50016593D;
			productRefGroup = 01D5F0001D6E41C50016593D /* Products */;
			projectDirPath = "";
			projectRoot = "";
			targets = (
				01D5EFFE1D6E41C50016593D /* MyTube */,
			);
		};
/* End PBXProject section */

/* Begin PBXResourcesBuildPhase section */
		01D5EFFD1D6E41C50016593D /* Resources */ = {
			isa = PBXResourcesBuildPhase;
			buildActionMask = 2147483647;
			files = (
				01D5F00D1D6E41C50016593D /* LaunchScreen.storyboard in Resources */,
				01D5F00A1D6E41C50016593D /* Assets.xcassets in Resources */,
				01D5F0081D6E41C50016593D /* Main.storyboard in Resources */,
			);
			runOnlyForDeploymentPostprocessing = 0;
		};
/* End PBXResourcesBuildPhase section */

/* Begin PBXSourcesBuildPhase section */
		01D5EFFB1D6E41C50016593D /* Sources */ = {
			isa = PBXSourcesBuildPhase;
			buildActionMask = 2147483647;
			files = (
				01D5F0051D6E41C50016593D /* ViewController.swift in Sources */,
				01D5F0031D6E41C50016593D /* AppDelegate.swift in Sources */,
			);
			runOnlyForDeploymentPostprocessing = 0;
		};
/* End PBXSourcesBuildPhase section */

/* Begin PBXVariantGroup section */
		01D5F0061D6E41C50016593D /* Main.storyboard */ = {
			isa = PBXVariantGroup;
			children = (
				01D5F0071D6E41C50016593D /* Base */,
			);
			name = Main.storyboard;
			sourceTree = "<group>";
		};
		01D5F00B1D6E41C50016593D /* LaunchScreen.storyboard */ = {
			isa = PBXVariantGroup;
			children = (
				01D5F00C1D6E41C50016593D /* Base */,
			);
			name = LaunchScreen.storyboard;
			sourceTree = "<group>";
		};
/* End PBXVariantGroup section */

/* Begin XCBuildConfiguration section */
		01D5F00F1D6E41C50016593D /* Debug */ = {
			isa = XCBuildConfiguration;
			buildSettings = {
				ALWAYS_SEARCH_USER_PATHS = NO;
				CLANG_ANALYZER_NONNULL = YES;
				CLANG_CXX_LANGUAGE_STANDARD = "gnu++0x";
				CLANG_CXX_LIBRARY = "libc++";
				CLANG_ENABLE_MODULES = YES;
				CLANG_ENABLE_OBJC_ARC = YES;
				CLANG_WARN_BOOL_CONVERSION = YES;
				CLANG_WARN_CONSTANT_CONVERSION = YES;
				CLANG_WARN_DIRECT_OBJC_ISA_USAGE = YES_ERROR;
				CLANG_WARN_EMPTY_BODY = YES;
				CLANG_WARN_ENUM_CONVERSION = YES;
				CLANG_WARN_INT_CONVERSION = YES;
				CLANG_WARN_OBJC_ROOT_CLASS = YES_ERROR;
				CLANG_WARN_UNREACHABLE_CODE = YES;
				CLANG_WARN__DUPLICATE_METHOD_MATCH = YES;
				"CODE_SIGN_IDENTITY[sdk=iphoneos*]" = "iPhone Developer";
				COPY_PHASE_STRIP = NO;
				DEBUG_INFORMATION_FORMAT = dwarf;
				ENABLE_STRICT_OBJC_MSGSEND = YES;
				ENABLE_TESTABILITY = YES;
				GCC_C_LANGUAGE_STANDARD = gnu99;
				GCC_DYNAMIC_NO_PIC = NO;
				GCC_NO_COMMON_BLOCKS = YES;
				GCC_OPTIMIZATION_LEVEL = 0;
				GCC_PREPROCESSOR_DEFINITIONS = (
					"DEBUG=1",
					"$(inherited)",
				);
				GCC_WARN_64_TO_32_BIT_CONVERSION = YES;
				GCC_WARN_ABOUT_RETURN_TYPE = YES_ERROR;
				GCC_WARN_UNDECLARED_SELECTOR = YES;
				GCC_WARN_UNINITIALIZED_AUTOS = YES_AGGRESSIVE;
				GCC_WARN_UNUSED_FUNCTION = YES;
				GCC_WARN_UNUSED_VARIABLE = YES;
				IPHONEOS_DEPLOYMENT_TARGET = 9.3;
				MTL_ENABLE_DEBUG_INFO = YES;
				ONLY_ACTIVE_ARCH = YES;
				SDKROOT = iphoneos;
				SWIFT_OPTIMIZATION_LEVEL = "-Onone";
			};
			name = Debug;
		};
		01D5F0101D6E41C50016593D /* Release */ = {
			isa = XCBuildConfiguration;
			buildSettings = {
				ALWAYS_SEARCH_USER_PATHS = NO;
				CLANG_ANALYZER_NONNULL = YES;
				CLANG_CXX_LANGUAGE_STANDARD = "gnu++0x";
				CLANG_CXX_LIBRARY = "libc++";
				CLANG_ENABLE_MODULES = YES;
				CLANG_ENABLE_OBJC_ARC = YES;
				CLANG_WARN_BOOL_CONVERSION = YES;
				CLANG_WARN_CONSTANT_CONVERSION = YES;
				CLANG_WARN_DIRECT_OBJC_ISA_USAGE = YES_ERROR;
				CLANG_WARN_EMPTY_BODY = YES;
				CLANG_WARN_ENUM_CONVERSION = YES;
				CLANG_WARN_INT_CONVERSION = YES;
				CLANG_WARN_OBJC_ROOT_CLASS = YES_ERROR;
				CLANG_WARN_UNREACHABLE_CODE = YES;
				CLANG_WARN__DUPLICATE_METHOD_MATCH = YES;
				"CODE_SIGN_IDENTITY[sdk=iphoneos*]" = "iPhone Developer";
				COPY_PHASE_STRIP = NO;
				DEBUG_INFORMATION_FORMAT = "dwarf-with-dsym";
				ENABLE_NS_ASSERTIONS = NO;
				ENABLE_STRICT_OBJC_MSGSEND = YES;
				GCC_C_LANGUAGE_STANDARD = gnu99;
				GCC_NO_COMMON_BLOCKS = YES;
				GCC_WARN_64_TO_32_BIT_CONVERSION = YES;
				GCC_WARN_ABOUT_RETURN_TYPE = YES_ERROR;
				GCC_WARN_UNDECLARED_SELECTOR = YES;
				GCC_WARN_UNINITIALIZED_AUTOS = YES_AGGRESSIVE;
				GCC_WARN_UNUSED_FUNCTION = YES;
				GCC_WARN_UNUSED_VARIABLE = YES;
				IPHONEOS_DEPLOYMENT_TARGET = 9.3;
				MTL_ENABLE_DEBUG_INFO = NO;
				SDKROOT = iphoneos;
				VALIDATE_PRODUCT = YES;
			};
			name = Release;
		};
		01D5F0121D6E41C50016593D /* Debug */ = {
			isa = XCBuildConfiguration;
			buildSettings = {
				ASSETCATALOG_COMPILER_APPICON_NAME = AppIcon;
				INFOPLIST_FILE = MyTube/Info.plist;
				LD_RUNPATH_SEARCH_PATHS = "$(inherited) @executable_path/Frameworks";
				PRODUCT_BUNDLE_IDENTIFIER = me.krispenney.MyTube;
				PRODUCT_NAME = "$(TARGET_NAME)";
			};
			name = Debug;
		};
		01D5F0131D6E41C50016593D /* Release */ = {
			isa = XCBuildConfiguration;
			buildSettings = {
				ASSETCATALOG_COMPILER_APPICON_NAME = AppIcon;
				INFOPLIST_FILE = MyTube/Info.plist;
				LD_RUNPATH_SEARCH_PATHS = "$(inherited) @executable_path/Frameworks";
				PRODUCT_BUNDLE_IDENTIFIER = me.krispenney.MyTube;
				PRODUCT_NAME = "$(TARGET_NAME)";
			};
			name = Release;
		};
/* End XCBuildConfiguration section */

/* Begin XCConfigurationList section */
		01D5EFFA1D6E41C50016593D /* Build configuration list for PBXProject "MyTube" */ = {
			isa = XCConfigurationList;
			buildConfigurations = (
				01D5F00F1D6E41C50016593D /* Debug */,
				01D5F0101D6E41C50016593D /* Release */,
			);
			defaultConfigurationIsVisible = 0;
			defaultConfigurationName = Release;
		};
		01D5F0111D6E41C50016593D /* Build configuration list for PBXNativeTarget "MyTube" */ = {
			isa = XCConfigurationList;
			buildConfigurations = (
				01D5F0121D6E41C50016593D /* Debug */,
				01D5F0131D6E41C50016593D /* Release */,
			);
			defaultConfigurationIsVisible = 0;
		};
/* End XCConfigurationList section */
	};
	rootObject = 01D5EFF71D6E41C50016593D /* Project object */;
}
